
Microsoft Visual Studio Solution File, Format Version 12.00
# Visual Studio Version 17
VisualStudioVersion = 17.1.32407.343
MinimumVisualStudioVersion = 10.0.40219.1
Project("{FAE04EC0-301F-11D3-BF4B-00C04F79EFBC}") = "SeleniumCsharp", "SeleniumCsharp\SeleniumCsharp.csproj", "{8ADA350F-633B-4512-AD55-B6661226AF16}"
EndProject
Global
	GlobalSection(SolutionConfigurationPlatforms) = preSolution
		Debug|Any CPU = Debug|Any CPU
		Release|Any CPU = Release|Any CPU
	EndGlobalSection
	GlobalSection(ProjectConfigurationPlatforms) = postSolution
		{8ADA350F-633B-4512-AD55-B6661226AF16}.Debug|Any CPU.ActiveCfg = Debug|Any CPU
		{8ADA350F-633B-4512-AD55-B6661226AF16}.Debug|Any CPU.Build.0 = Debug|Any CPU
		{8ADA350F-633B-4512-AD55-B6661226AF16}.Release|Any CPU.ActiveCfg = Release|Any CPU
		{8ADA350F-633B-4512-AD55-B6661226AF16}.Release|Any CPU.Build.0 = Release|Any CPU
	EndGlobalSection
	GlobalSection(SolutionProperties) = preSolution
		HideSolutionNode = FALSE
	EndGlobalSection
	GlobalSection(ExtensibilityGlobals) = postSolution
		SolutionGuid = {92442BCB-08B8-4F4F-8A3E-E25B5AD91B1D}
	EndGlobalSection
EndGlobal
